# THIS IS AN AUTOGENERATED FILE. DO NOT EDIT THIS FILE DIRECTLY.
# yarn lockfile v1


"@webcomponents/webcomponentsjs@^2.2.10":
  version "2.2.10"
  resolved "https://registry.yarnpkg.com/@webcomponents/webcomponentsjs/-/webcomponentsjs-2.2.10.tgz#6f6bee0277833ae98d7e5b46f1e0fdb48cd5ff44"
  integrity sha512-5dzhUhP+h0qMiK0IWb7VNb0OGBoXO3AuI6Qi8t9PoKT50s5L1jv0xnwnLq+cFgPuTB8FLTNP8xIDmyoOsKBy9Q==

ag-grid-webcomponent@^17.1.0:
  version "17.1.0"
  resolved "https://registry.yarnpkg.com/ag-grid-webcomponent/-/ag-grid-webcomponent-17.1.0.tgz#7b417378923f164ff3f7575336fa904d8ab74276"
  integrity sha512-kHQhV7+TpZAJ0IHbpOZ2oakVmOZvHe01xlRoqMzTW7COIsWOPaIX7gwqBTTvHh4fmQzQfo26UDs5OS8sQqOLcg==

ag-grid@^18.1.2:
  version "18.1.2"
  resolved "https://registry.yarnpkg.com/ag-grid/-/ag-grid-18.1.2.tgz#d98b3dd824b9cb82d9f638e4bab5a5771513869b"
  integrity sha512-HtJt8iFcRKCBj5UHBDmwSLLr72F3XDACeBNarH4nJWFHIqcnu7u0Ifrd2nftPmfEBj6YjFHawDqcZL2yo3YfmQ==
